{
  "version": 4,
  "terraform_version": "1.5.3",
  "serial": 122,
  "lineage": "e852bdae-17dc-2209-320a-7e271b1b9b20",
  "outputs": {},
  "resources": [
    {
      "mode": "data",
      "type": "azurerm_client_config",
      "name": "current",
      "provider": "provider[\"registry.terraform.io/hashicorp/azurerm\"]",
      "instances": [
        {
          "schema_version": 0,
          "attributes": {
            "client_id": "04b07795-8ddb-461a-bbee-02f9e1bf7b46",
            "id": "Y2xpZW50Q29uZmlncy9jbGllbnRJZD0wNGIwNzc5NS04ZGRiLTQ2MWEtYmJlZS0wMmY5ZTFiZjdiNDY7b2JqZWN0SWQ9ODM3MjhhNTMtYzYwZC00YjM2LTllNTItNTBkNjc4OThiZTRkO3N1YnNjcmlwdGlvbklkPTk5MzY1OGU5LTBmMzUtNDFkMy1iNTJjLTYzMjJkMDc5MTcwZDt0ZW5hbnRJZD00M2FlNDllMC01OGNjLTRjMjgtYTg1Yi02ODliNDBjNGIyNTQ=",
            "object_id": "83728a53-c60d-4b36-9e52-50d67898be4d",
            "subscription_id": "993658e9-0f35-41d3-b52c-6322d079170d",
            "tenant_id": "43ae49e0-58cc-4c28-a85b-689b40c4b254",
            "timeouts": null
          },
          "sensitive_attributes": []
        }
      ]
    },
    {
      "mode": "data",
      "type": "databricks_node_type",
      "name": "smallest",
      "provider": "provider[\"registry.terraform.io/databricks/databricks\"]",
      "instances": [
        {
          "schema_version": 0,
          "attributes": {
            "category": "Compute Optimized",
            "fleet": null,
            "gb_per_core": null,
            "graviton": null,
            "id": "Standard_F4s",
            "is_io_cache_enabled": null,
            "local_disk": true,
            "local_disk_min_size": null,
            "min_cores": null,
            "min_gpus": null,
            "min_memory_gb": null,
            "photon_driver_capable": null,
            "photon_worker_capable": null,
            "support_port_forwarding": null
          },
          "sensitive_attributes": []
        }
      ]
    },
    {
      "mode": "data",
      "type": "databricks_spark_version",
      "name": "latest_lts",
      "provider": "provider[\"registry.terraform.io/databricks/databricks\"]",
      "instances": [
        {
          "schema_version": 0,
          "attributes": {
            "beta": null,
            "genomics": null,
            "gpu": null,
            "graviton": null,
            "id": "13.3.x-scala2.12",
            "latest": true,
            "long_term_support": true,
            "ml": null,
            "photon": null,
            "scala": "2.12",
            "spark_version": null
          },
          "sensitive_attributes": []
        }
      ]
    },
    {
      "mode": "managed",
      "type": "azurerm_databricks_workspace",
      "name": "databricksworkspace",
      "provider": "provider[\"registry.terraform.io/hashicorp/azurerm\"]",
      "instances": [
        {
          "schema_version": 0,
          "attributes": {
            "custom_parameters": [
              {
                "machine_learning_workspace_id": "",
                "nat_gateway_name": "nat-gateway",
                "no_public_ip": false,
                "private_subnet_name": "",
                "private_subnet_network_security_group_association_id": "",
                "public_ip_name": "nat-gw-public-ip",
                "public_subnet_name": "",
                "public_subnet_network_security_group_association_id": "",
                "storage_account_name": "dbstoragepo4hnpyjnvo26",
                "storage_account_sku_name": "Standard_GRS",
                "virtual_network_id": "",
                "vnet_address_prefix": "10.139"
              }
            ],
            "customer_managed_key_enabled": false,
            "disk_encryption_set_id": null,
            "id": "/subscriptions/993658e9-0f35-41d3-b52c-6322d079170d/resourceGroups/GroceryAnalytics/providers/Microsoft.Databricks/workspaces/joeip_databricks",
            "infrastructure_encryption_enabled": false,
            "load_balancer_backend_address_pool_id": "",
            "location": "australiasoutheast",
            "managed_disk_cmk_key_vault_key_id": null,
            "managed_disk_cmk_rotation_to_latest_version_enabled": null,
            "managed_disk_identity": [],
            "managed_resource_group_id": "/subscriptions/993658e9-0f35-41d3-b52c-6322d079170d/resourceGroups/databricks-rg-GroceryAnalytics",
            "managed_resource_group_name": "databricks-rg-GroceryAnalytics",
            "managed_services_cmk_key_vault_key_id": null,
            "name": "joeip_databricks",
            "network_security_group_rules_required": null,
            "public_network_access_enabled": true,
            "resource_group_name": "GroceryAnalytics",
            "sku": "standard",
            "storage_account_identity": [],
            "tags": {},
            "timeouts": null,
            "workspace_id": "8921019815303374",
            "workspace_url": "adb-8921019815303374.14.azuredatabricks.net"
          },
          "sensitive_attributes": [],
          "private": "eyJlMmJmYjczMC1lY2FhLTExZTYtOGY4OC0zNDM2M2JjN2M0YzAiOnsiY3JlYXRlIjoxODAwMDAwMDAwMDAwLCJkZWxldGUiOjE4MDAwMDAwMDAwMDAsInJlYWQiOjMwMDAwMDAwMDAwMCwidXBkYXRlIjoxODAwMDAwMDAwMDAwfX0=",
          "dependencies": [
            "azurerm_resource_group.GroceryAnalytics"
          ]
        }
      ]
    },
    {
      "mode": "managed",
      "type": "azurerm_key_vault",
      "name": "vault",
      "provider": "provider[\"registry.terraform.io/hashicorp/azurerm\"]",
      "instances": [
        {
          "schema_version": 2,
          "attributes": {
            "access_policy": [
              {
                "application_id": "",
                "certificate_permissions": [],
                "key_permissions": [
                  "List",
                  "Create",
                  "Delete",
                  "Get",
                  "Purge",
                  "Recover",
                  "Update",
                  "GetRotationPolicy",
                  "SetRotationPolicy"
                ],
                "object_id": "83728a53-c60d-4b36-9e52-50d67898be4d",
                "secret_permissions": [
                  "Get",
                  "List",
                  "Set",
                  "Delete"
                ],
                "storage_permissions": [],
                "tenant_id": "43ae49e0-58cc-4c28-a85b-689b40c4b254"
              }
            ],
            "contact": [],
            "enable_rbac_authorization": false,
            "enabled_for_deployment": false,
            "enabled_for_disk_encryption": false,
            "enabled_for_template_deployment": false,
            "id": "/subscriptions/993658e9-0f35-41d3-b52c-6322d079170d/resourceGroups/GroceryAnalytics/providers/Microsoft.KeyVault/vaults/joeipdataengineering",
            "location": "australiasoutheast",
            "name": "joeipdataengineering",
            "network_acls": [
              {
                "bypass": "AzureServices",
                "default_action": "Allow",
                "ip_rules": [],
                "virtual_network_subnet_ids": []
              }
            ],
            "public_network_access_enabled": true,
            "purge_protection_enabled": false,
            "resource_group_name": "GroceryAnalytics",
            "sku_name": "standard",
            "soft_delete_retention_days": 7,
            "tags": {},
            "tenant_id": "43ae49e0-58cc-4c28-a85b-689b40c4b254",
            "timeouts": null,
            "vault_uri": "https://joeipdataengineering.vault.azure.net/"
          },
          "sensitive_attributes": [],
          "private": "eyJlMmJmYjczMC1lY2FhLTExZTYtOGY4OC0zNDM2M2JjN2M0YzAiOnsiY3JlYXRlIjoxODAwMDAwMDAwMDAwLCJkZWxldGUiOjE4MDAwMDAwMDAwMDAsInJlYWQiOjMwMDAwMDAwMDAwMCwidXBkYXRlIjoxODAwMDAwMDAwMDAwfSwic2NoZW1hX3ZlcnNpb24iOiIyIn0=",
          "dependencies": [
            "azurerm_resource_group.GroceryAnalytics",
            "data.azurerm_client_config.current"
          ]
        }
      ]
    },
    {
      "mode": "managed",
      "type": "azurerm_resource_group",
      "name": "GroceryAnalytics",
      "provider": "provider[\"registry.terraform.io/hashicorp/azurerm\"]",
      "instances": [
        {
          "schema_version": 0,
          "attributes": {
            "id": "/subscriptions/993658e9-0f35-41d3-b52c-6322d079170d/resourceGroups/GroceryAnalytics",
            "location": "australiasoutheast",
            "managed_by": "",
            "name": "GroceryAnalytics",
            "tags": {},
            "timeouts": null
          },
          "sensitive_attributes": [],
          "private": "eyJlMmJmYjczMC1lY2FhLTExZTYtOGY4OC0zNDM2M2JjN2M0YzAiOnsiY3JlYXRlIjo1NDAwMDAwMDAwMDAwLCJkZWxldGUiOjU0MDAwMDAwMDAwMDAsInJlYWQiOjMwMDAwMDAwMDAwMCwidXBkYXRlIjo1NDAwMDAwMDAwMDAwfX0="
        }
      ]
    },
    {
      "mode": "managed",
      "type": "azurerm_storage_account",
      "name": "datalake",
      "provider": "provider[\"registry.terraform.io/hashicorp/azurerm\"]",
      "instances": [
        {
          "schema_version": 4,
          "attributes": {
            "access_tier": "Hot",
            "account_kind": "StorageV2",
            "account_replication_type": "LRS",
            "account_tier": "Standard",
            "allow_nested_items_to_be_public": true,
            "allowed_copy_scope": "",
            "azure_files_authentication": [],
            "blob_properties": [
              {
                "change_feed_enabled": false,
                "change_feed_retention_in_days": 0,
                "container_delete_retention_policy": [],
                "cors_rule": [],
                "default_service_version": "",
                "delete_retention_policy": [],
                "last_access_time_enabled": false,
                "restore_policy": [],
                "versioning_enabled": false
              }
            ],
            "cross_tenant_replication_enabled": true,
            "custom_domain": [],
            "customer_managed_key": [],
            "default_to_oauth_authentication": false,
            "edge_zone": "",
            "enable_https_traffic_only": true,
            "id": "/subscriptions/993658e9-0f35-41d3-b52c-6322d079170d/resourceGroups/GroceryAnalytics/providers/Microsoft.Storage/storageAccounts/joeipdataengineering",
            "identity": [],
            "immutability_policy": [],
            "infrastructure_encryption_enabled": false,
            "is_hns_enabled": true,
            "large_file_share_enabled": null,
            "location": "australiasoutheast",
            "min_tls_version": "TLS1_2",
            "name": "joeipdataengineering",
            "network_rules": [
              {
                "bypass": [
                  "AzureServices"
                ],
                "default_action": "Allow",
                "ip_rules": [],
                "private_link_access": [],
                "virtual_network_subnet_ids": []
              }
            ],
            "nfsv3_enabled": false,
            "primary_access_key": "BB07kyMx7BpipzfYAhniGXvBo16Melox6vjQ5ZLYWSHePlJbbgaCYxhc/IKipTZIMlC3RphUbnNe+AStEI0Y4g==",
            "primary_blob_connection_string": "DefaultEndpointsProtocol=https;BlobEndpoint=https://joeipdataengineering.blob.core.windows.net/;AccountName=joeipdataengineering;AccountKey=BB07kyMx7BpipzfYAhniGXvBo16Melox6vjQ5ZLYWSHePlJbbgaCYxhc/IKipTZIMlC3RphUbnNe+AStEI0Y4g==",
            "primary_blob_endpoint": "https://joeipdataengineering.blob.core.windows.net/",
            "primary_blob_host": "joeipdataengineering.blob.core.windows.net",
            "primary_connection_string": "DefaultEndpointsProtocol=https;AccountName=joeipdataengineering;AccountKey=BB07kyMx7BpipzfYAhniGXvBo16Melox6vjQ5ZLYWSHePlJbbgaCYxhc/IKipTZIMlC3RphUbnNe+AStEI0Y4g==;EndpointSuffix=core.windows.net",
            "primary_dfs_endpoint": "https://joeipdataengineering.dfs.core.windows.net/",
            "primary_dfs_host": "joeipdataengineering.dfs.core.windows.net",
            "primary_file_endpoint": "https://joeipdataengineering.file.core.windows.net/",
            "primary_file_host": "joeipdataengineering.file.core.windows.net",
            "primary_location": "australiasoutheast",
            "primary_queue_endpoint": "https://joeipdataengineering.queue.core.windows.net/",
            "primary_queue_host": "joeipdataengineering.queue.core.windows.net",
            "primary_table_endpoint": "https://joeipdataengineering.table.core.windows.net/",
            "primary_table_host": "joeipdataengineering.table.core.windows.net",
            "primary_web_endpoint": "https://joeipdataengineering.z26.web.core.windows.net/",
            "primary_web_host": "joeipdataengineering.z26.web.core.windows.net",
            "public_network_access_enabled": true,
            "queue_encryption_key_type": "Service",
            "queue_properties": [
              {
                "cors_rule": [],
                "hour_metrics": [
                  {
                    "enabled": true,
                    "include_apis": true,
                    "retention_policy_days": 7,
                    "version": "1.0"
                  }
                ],
                "logging": [
                  {
                    "delete": false,
                    "read": false,
                    "retention_policy_days": 0,
                    "version": "1.0",
                    "write": false
                  }
                ],
                "minute_metrics": [
                  {
                    "enabled": false,
                    "include_apis": false,
                    "retention_policy_days": 0,
                    "version": "1.0"
                  }
                ]
              }
            ],
            "resource_group_name": "GroceryAnalytics",
            "routing": [],
            "sas_policy": [],
            "secondary_access_key": "SBRZR14m5PXdXRDcfXsoIet+O8DvvKCYk3PzOCWTcQh4RH46vSZEiGTorPyQex/vX2w6M38xzMhF+AStd3DE0w==",
            "secondary_blob_connection_string": "",
            "secondary_blob_endpoint": null,
            "secondary_blob_host": null,
            "secondary_connection_string": "DefaultEndpointsProtocol=https;AccountName=joeipdataengineering;AccountKey=SBRZR14m5PXdXRDcfXsoIet+O8DvvKCYk3PzOCWTcQh4RH46vSZEiGTorPyQex/vX2w6M38xzMhF+AStd3DE0w==;EndpointSuffix=core.windows.net",
            "secondary_dfs_endpoint": null,
            "secondary_dfs_host": null,
            "secondary_file_endpoint": null,
            "secondary_file_host": null,
            "secondary_location": "",
            "secondary_queue_endpoint": null,
            "secondary_queue_host": null,
            "secondary_table_endpoint": null,
            "secondary_table_host": null,
            "secondary_web_endpoint": null,
            "secondary_web_host": null,
            "sftp_enabled": false,
            "share_properties": [
              {
                "cors_rule": [],
                "retention_policy": [
                  {
                    "days": 7
                  }
                ],
                "smb": []
              }
            ],
            "shared_access_key_enabled": true,
            "static_website": [],
            "table_encryption_key_type": "Service",
            "tags": {},
            "timeouts": null
          },
          "sensitive_attributes": [],
          "private": "eyJlMmJmYjczMC1lY2FhLTExZTYtOGY4OC0zNDM2M2JjN2M0YzAiOnsiY3JlYXRlIjozNjAwMDAwMDAwMDAwLCJkZWxldGUiOjM2MDAwMDAwMDAwMDAsInJlYWQiOjMwMDAwMDAwMDAwMCwidXBkYXRlIjozNjAwMDAwMDAwMDAwfSwic2NoZW1hX3ZlcnNpb24iOiI0In0=",
          "dependencies": [
            "azurerm_resource_group.GroceryAnalytics"
          ]
        }
      ]
    },
    {
      "mode": "managed",
      "type": "azurerm_storage_container",
      "name": "groceryanalytics",
      "provider": "provider[\"registry.terraform.io/hashicorp/azurerm\"]",
      "instances": [
        {
          "schema_version": 1,
          "attributes": {
            "container_access_type": "private",
            "has_immutability_policy": false,
            "has_legal_hold": false,
            "id": "https://joeipdataengineering.blob.core.windows.net/groceryanalytics",
            "metadata": {},
            "name": "groceryanalytics",
            "resource_manager_id": "/subscriptions/993658e9-0f35-41d3-b52c-6322d079170d/resourceGroups/GroceryAnalytics/providers/Microsoft.Storage/storageAccounts/joeipdataengineering/blobServices/default/containers/groceryanalytics",
            "storage_account_name": "joeipdataengineering",
            "timeouts": null
          },
          "sensitive_attributes": [],
          "private": "eyJlMmJmYjczMC1lY2FhLTExZTYtOGY4OC0zNDM2M2JjN2M0YzAiOnsiY3JlYXRlIjoxODAwMDAwMDAwMDAwLCJkZWxldGUiOjE4MDAwMDAwMDAwMDAsInJlYWQiOjMwMDAwMDAwMDAwMCwidXBkYXRlIjoxODAwMDAwMDAwMDAwfSwic2NoZW1hX3ZlcnNpb24iOiIxIn0=",
          "dependencies": [
            "azurerm_resource_group.GroceryAnalytics",
            "azurerm_storage_account.datalake"
          ]
        }
      ]
    },
    {
      "mode": "managed",
      "type": "databricks_cluster",
      "name": "single_node",
      "provider": "provider[\"registry.terraform.io/databricks/databricks\"]",
      "instances": [
        {
          "schema_version": 2,
          "attributes": {
            "apply_policy_default_values": null,
            "autoscale": [],
            "autotermination_minutes": 15,
            "aws_attributes": [],
            "azure_attributes": [
              {
                "availability": "ON_DEMAND_AZURE",
                "first_on_demand": 1,
                "spot_bid_max_price": -1
              }
            ],
            "cluster_id": "0828-074525-557d6wep",
            "cluster_log_conf": [],
            "cluster_mount_info": [],
            "cluster_name": "Single Node",
            "custom_tags": {
              "ResourceClass": "SingleNode"
            },
            "data_security_mode": null,
            "default_tags": {
              "ClusterId": "0828-074525-557d6wep",
              "ClusterName": "Single Node",
              "Creator": "joetengkuanip@gmail.com",
              "Vendor": "Databricks"
            },
            "docker_image": [],
            "driver_instance_pool_id": null,
            "driver_node_type_id": "Standard_F4s",
            "enable_elastic_disk": true,
            "enable_local_disk_encryption": false,
            "gcp_attributes": [],
            "id": "0828-074525-557d6wep",
            "idempotency_token": null,
            "init_scripts": [],
            "instance_pool_id": null,
            "is_pinned": false,
            "library": [],
            "node_type_id": "Standard_F4s",
            "num_workers": 0,
            "policy_id": null,
            "runtime_engine": null,
            "single_user_name": null,
            "spark_conf": {
              "spark.databricks.cluster.profile": "singleNode",
              "spark.master": "local[*]"
            },
            "spark_env_vars": null,
            "spark_version": "13.3.x-scala2.12",
            "ssh_public_keys": null,
            "state": "TERMINATED",
            "timeouts": null,
            "url": "https://adb-8921019815303374.14.azuredatabricks.net/#setting/clusters/0828-074525-557d6wep/configuration",
            "workload_type": []
          },
          "sensitive_attributes": [],
          "private": "eyJlMmJmYjczMC1lY2FhLTExZTYtOGY4OC0zNDM2M2JjN2M0YzAiOnsiY3JlYXRlIjoxODAwMDAwMDAwMDAwLCJkZWxldGUiOjE4MDAwMDAwMDAwMDAsInVwZGF0ZSI6MTgwMDAwMDAwMDAwMH0sInNjaGVtYV92ZXJzaW9uIjoiMiJ9",
          "dependencies": [
            "azurerm_databricks_workspace.databricksworkspace",
            "azurerm_resource_group.GroceryAnalytics",
            "data.databricks_node_type.smallest",
            "data.databricks_spark_version.latest_lts"
          ]
        }
      ]
    },
    {
      "mode": "managed",
      "type": "mysql_database",
      "name": "dagster",
      "provider": "provider[\"registry.terraform.io/petoju/mysql\"]",
      "instances": [
        {
          "schema_version": 0,
          "attributes": {
            "default_character_set": "utf8mb4",
            "default_collation": "utf8mb4_general_ci",
            "id": "dagster",
            "name": "dagster"
          },
          "sensitive_attributes": [],
          "private": "bnVsbA=="
        }
      ]
    },
    {
      "mode": "managed",
      "type": "snowflake_database",
      "name": "grocery_analytics",
      "provider": "provider[\"registry.terraform.io/snowflake-labs/snowflake\"]",
      "instances": [
        {
          "schema_version": 0,
          "attributes": {
            "comment": "Database to store grocery related data",
            "data_retention_time_in_days": 1,
            "from_database": null,
            "from_replica": null,
            "from_share": null,
            "id": "GROCERY_ANALYTICS",
            "is_transient": false,
            "name": "GROCERY_ANALYTICS",
            "replication_configuration": []
          },
          "sensitive_attributes": [],
          "private": "bnVsbA=="
        }
      ]
    },
    {
      "mode": "managed",
      "type": "snowflake_grant_privileges_to_role",
      "name": "db_grocery_analytics_r",
      "provider": "provider[\"registry.terraform.io/snowflake-labs/snowflake\"].security_admin",
      "instances": [
        {
          "schema_version": 0,
          "attributes": {
            "all_privileges": false,
            "id": "GA_R|USAGE,MONITOR|false|false|false|true|false|false|false|false|DATABASE|GROCERY_ANALYTICS||false||false|",
            "on_account": false,
            "on_account_object": [
              {
                "object_name": "GROCERY_ANALYTICS",
                "object_type": "DATABASE"
              }
            ],
            "on_schema": [],
            "on_schema_object": [],
            "privileges": [
              "MONITOR",
              "USAGE"
            ],
            "role_name": "GA_R",
            "with_grant_option": false
          },
          "sensitive_attributes": [],
          "private": "bnVsbA==",
          "dependencies": [
            "snowflake_database.grocery_analytics",
            "snowflake_role.GA_R"
          ]
        }
      ]
    },
    {
      "mode": "managed",
      "type": "snowflake_grant_privileges_to_role",
      "name": "db_grocery_analytics_rw",
      "provider": "provider[\"registry.terraform.io/snowflake-labs/snowflake\"].security_admin",
      "instances": [
        {
          "schema_version": 0,
          "attributes": {
            "all_privileges": true,
            "id": "GA_RW||true|false|false|true|false|false|false|false|DATABASE|GROCERY_ANALYTICS||false||false|",
            "on_account": false,
            "on_account_object": [
              {
                "object_name": "GROCERY_ANALYTICS",
                "object_type": "DATABASE"
              }
            ],
            "on_schema": [],
            "on_schema_object": [],
            "privileges": null,
            "role_name": "GA_RW",
            "with_grant_option": false
          },
          "sensitive_attributes": [],
          "private": "bnVsbA==",
          "dependencies": [
            "snowflake_database.grocery_analytics",
            "snowflake_role.GA_RW"
          ]
        }
      ]
    },
    {
      "mode": "managed",
      "type": "snowflake_grant_privileges_to_role",
      "name": "engineering_wh_GA_R",
      "provider": "provider[\"registry.terraform.io/snowflake-labs/snowflake\"].security_admin",
      "instances": [
        {
          "schema_version": 0,
          "attributes": {
            "all_privileges": false,
            "id": "GA_R|OPERATE,USAGE,MONITOR|false|false|false|true|false|false|false|false|WAREHOUSE|ENGINEERING_WH||false||false|",
            "on_account": false,
            "on_account_object": [
              {
                "object_name": "ENGINEERING_WH",
                "object_type": "WAREHOUSE"
              }
            ],
            "on_schema": [],
            "on_schema_object": [],
            "privileges": [
              "MONITOR",
              "OPERATE",
              "USAGE"
            ],
            "role_name": "GA_R",
            "with_grant_option": false
          },
          "sensitive_attributes": [],
          "private": "bnVsbA==",
          "dependencies": [
            "snowflake_role.GA_R",
            "snowflake_warehouse.engineering_wh"
          ]
        }
      ]
    },
    {
      "mode": "managed",
      "type": "snowflake_grant_privileges_to_role",
      "name": "engineering_wh_GA_RW",
      "provider": "provider[\"registry.terraform.io/snowflake-labs/snowflake\"].security_admin",
      "instances": [
        {
          "schema_version": 0,
          "attributes": {
            "all_privileges": false,
            "id": "GA_RW|OPERATE,USAGE,MONITOR|false|false|false|true|false|false|false|false|WAREHOUSE|ENGINEERING_WH||false||false|",
            "on_account": false,
            "on_account_object": [
              {
                "object_name": "ENGINEERING_WH",
                "object_type": "WAREHOUSE"
              }
            ],
            "on_schema": [],
            "on_schema_object": [],
            "privileges": [
              "MONITOR",
              "OPERATE",
              "USAGE"
            ],
            "role_name": "GA_RW",
            "with_grant_option": false
          },
          "sensitive_attributes": [],
          "private": "bnVsbA==",
          "dependencies": [
            "snowflake_role.GA_RW",
            "snowflake_warehouse.engineering_wh"
          ]
        }
      ]
    },
    {
      "mode": "managed",
      "type": "snowflake_grant_privileges_to_role",
      "name": "grocery_analytics_bronze_r",
      "provider": "provider[\"registry.terraform.io/snowflake-labs/snowflake\"].security_admin",
      "instances": [
        {
          "schema_version": 0,
          "attributes": {
            "all_privileges": false,
            "id": "GA_R|USAGE,MONITOR|false|false|false|false|true|false|false|false||||false|\"GROCERY_ANALYTICS\".\"BRONZE\"|false|",
            "on_account": false,
            "on_account_object": [],
            "on_schema": [
              {
                "all_schemas_in_database": "",
                "future_schemas_in_database": "",
                "schema_name": "\"GROCERY_ANALYTICS\".\"BRONZE\""
              }
            ],
            "on_schema_object": [],
            "privileges": [
              "MONITOR",
              "USAGE"
            ],
            "role_name": "GA_R",
            "with_grant_option": false
          },
          "sensitive_attributes": [],
          "private": "bnVsbA==",
          "dependencies": [
            "snowflake_database.grocery_analytics",
            "snowflake_role.GA_R",
            "snowflake_schema.bronze"
          ]
        }
      ]
    },
    {
      "mode": "managed",
      "type": "snowflake_grant_privileges_to_role",
      "name": "grocery_analytics_bronze_rw",
      "provider": "provider[\"registry.terraform.io/snowflake-labs/snowflake\"].security_admin",
      "instances": [
        {
          "schema_version": 0,
          "attributes": {
            "all_privileges": true,
            "id": "GA_RW||true|false|false|false|true|false|false|false||||false|\"GROCERY_ANALYTICS\".\"BRONZE\"|false|",
            "on_account": false,
            "on_account_object": [],
            "on_schema": [
              {
                "all_schemas_in_database": "",
                "future_schemas_in_database": "",
                "schema_name": "\"GROCERY_ANALYTICS\".\"BRONZE\""
              }
            ],
            "on_schema_object": [],
            "privileges": null,
            "role_name": "GA_RW",
            "with_grant_option": false
          },
          "sensitive_attributes": [],
          "private": "bnVsbA==",
          "dependencies": [
            "snowflake_database.grocery_analytics",
            "snowflake_role.GA_RW",
            "snowflake_schema.bronze"
          ]
        }
      ]
    },
    {
      "mode": "managed",
      "type": "snowflake_grant_privileges_to_role",
      "name": "grocery_analytics_future_sequence_r",
      "provider": "provider[\"registry.terraform.io/snowflake-labs/snowflake\"].security_admin",
      "instances": [
        {
          "schema_version": 0,
          "attributes": {
            "all_privileges": false,
            "id": "GA_R|USAGE|false|false|false|false|false|true|false|true|||SEQUENCES|false||true|GROCERY_ANALYTICS",
            "on_account": false,
            "on_account_object": [],
            "on_schema": [],
            "on_schema_object": [
              {
                "all": [],
                "future": [
                  {
                    "in_database": "GROCERY_ANALYTICS",
                    "in_schema": "",
                    "object_type_plural": "SEQUENCES"
                  }
                ],
                "object_name": "",
                "object_type": ""
              }
            ],
            "privileges": [
              "USAGE"
            ],
            "role_name": "GA_R",
            "with_grant_option": false
          },
          "sensitive_attributes": [],
          "private": "bnVsbA==",
          "dependencies": [
            "snowflake_database.grocery_analytics",
            "snowflake_role.GA_R"
          ]
        }
      ]
    },
    {
      "mode": "managed",
      "type": "snowflake_grant_privileges_to_role",
      "name": "grocery_analytics_future_sequence_rw",
      "provider": "provider[\"registry.terraform.io/snowflake-labs/snowflake\"].security_admin",
      "instances": [
        {
          "schema_version": 0,
          "attributes": {
            "all_privileges": true,
            "id": "GA_RW||true|false|false|false|false|true|false|true|||SEQUENCES|false||true|GROCERY_ANALYTICS",
            "on_account": false,
            "on_account_object": [],
            "on_schema": [],
            "on_schema_object": [
              {
                "all": [],
                "future": [
                  {
                    "in_database": "GROCERY_ANALYTICS",
                    "in_schema": "",
                    "object_type_plural": "SEQUENCES"
                  }
                ],
                "object_name": "",
                "object_type": ""
              }
            ],
            "privileges": null,
            "role_name": "GA_RW",
            "with_grant_option": false
          },
          "sensitive_attributes": [],
          "private": "bnVsbA==",
          "dependencies": [
            "snowflake_database.grocery_analytics",
            "snowflake_role.GA_RW"
          ]
        }
      ]
    },
    {
      "mode": "managed",
      "type": "snowflake_grant_privileges_to_role",
      "name": "grocery_analytics_future_table_r",
      "provider": "provider[\"registry.terraform.io/snowflake-labs/snowflake\"].security_admin",
      "instances": [
        {
          "schema_version": 0,
          "attributes": {
            "all_privileges": false,
            "id": "GA_R|SELECT|false|false|false|false|false|true|false|true|||TABLES|false||true|GROCERY_ANALYTICS",
            "on_account": false,
            "on_account_object": [],
            "on_schema": [],
            "on_schema_object": [
              {
                "all": [],
                "future": [
                  {
                    "in_database": "GROCERY_ANALYTICS",
                    "in_schema": "",
                    "object_type_plural": "TABLES"
                  }
                ],
                "object_name": "",
                "object_type": ""
              }
            ],
            "privileges": [
              "SELECT"
            ],
            "role_name": "GA_R",
            "with_grant_option": false
          },
          "sensitive_attributes": [],
          "private": "bnVsbA==",
          "dependencies": [
            "snowflake_database.grocery_analytics",
            "snowflake_role.GA_R"
          ]
        }
      ]
    },
    {
      "mode": "managed",
      "type": "snowflake_grant_privileges_to_role",
      "name": "grocery_analytics_future_table_rw",
      "provider": "provider[\"registry.terraform.io/snowflake-labs/snowflake\"].security_admin",
      "instances": [
        {
          "schema_version": 0,
          "attributes": {
            "all_privileges": true,
            "id": "GA_RW||true|false|false|false|false|true|false|true|||TABLES|false||true|GROCERY_ANALYTICS",
            "on_account": false,
            "on_account_object": [],
            "on_schema": [],
            "on_schema_object": [
              {
                "all": [],
                "future": [
                  {
                    "in_database": "GROCERY_ANALYTICS",
                    "in_schema": "",
                    "object_type_plural": "TABLES"
                  }
                ],
                "object_name": "",
                "object_type": ""
              }
            ],
            "privileges": null,
            "role_name": "GA_RW",
            "with_grant_option": false
          },
          "sensitive_attributes": [],
          "private": "bnVsbA==",
          "dependencies": [
            "snowflake_database.grocery_analytics",
            "snowflake_role.GA_RW"
          ]
        }
      ]
    },
    {
      "mode": "managed",
      "type": "snowflake_grant_privileges_to_role",
      "name": "grocery_analytics_future_view_r",
      "provider": "provider[\"registry.terraform.io/snowflake-labs/snowflake\"].security_admin",
      "instances": [
        {
          "schema_version": 0,
          "attributes": {
            "all_privileges": false,
            "id": "GA_R|SELECT|false|false|false|false|false|true|false|true|||VIEWS|false||true|GROCERY_ANALYTICS",
            "on_account": false,
            "on_account_object": [],
            "on_schema": [],
            "on_schema_object": [
              {
                "all": [],
                "future": [
                  {
                    "in_database": "GROCERY_ANALYTICS",
                    "in_schema": "",
                    "object_type_plural": "VIEWS"
                  }
                ],
                "object_name": "",
                "object_type": ""
              }
            ],
            "privileges": [
              "SELECT"
            ],
            "role_name": "GA_R",
            "with_grant_option": false
          },
          "sensitive_attributes": [],
          "private": "bnVsbA==",
          "dependencies": [
            "snowflake_database.grocery_analytics",
            "snowflake_role.GA_R"
          ]
        }
      ]
    },
    {
      "mode": "managed",
      "type": "snowflake_grant_privileges_to_role",
      "name": "grocery_analytics_future_view_rw",
      "provider": "provider[\"registry.terraform.io/snowflake-labs/snowflake\"].security_admin",
      "instances": [
        {
          "schema_version": 0,
          "attributes": {
            "all_privileges": true,
            "id": "GA_RW||true|false|false|false|false|true|false|true|||VIEWS|false||true|GROCERY_ANALYTICS",
            "on_account": false,
            "on_account_object": [],
            "on_schema": [],
            "on_schema_object": [
              {
                "all": [],
                "future": [
                  {
                    "in_database": "GROCERY_ANALYTICS",
                    "in_schema": "",
                    "object_type_plural": "VIEWS"
                  }
                ],
                "object_name": "",
                "object_type": ""
              }
            ],
            "privileges": null,
            "role_name": "GA_RW",
            "with_grant_option": false
          },
          "sensitive_attributes": [],
          "private": "bnVsbA==",
          "dependencies": [
            "snowflake_database.grocery_analytics",
            "snowflake_role.GA_RW"
          ]
        }
      ]
    },
    {
      "mode": "managed",
      "type": "snowflake_grant_privileges_to_role",
      "name": "grocery_analytics_gold_r",
      "provider": "provider[\"registry.terraform.io/snowflake-labs/snowflake\"].security_admin",
      "instances": [
        {
          "schema_version": 0,
          "attributes": {
            "all_privileges": false,
            "id": "GA_R|USAGE,MONITOR|false|false|false|false|true|false|false|false||||false|\"GROCERY_ANALYTICS\".\"GOLD\"|false|",
            "on_account": false,
            "on_account_object": [],
            "on_schema": [
              {
                "all_schemas_in_database": "",
                "future_schemas_in_database": "",
                "schema_name": "\"GROCERY_ANALYTICS\".\"GOLD\""
              }
            ],
            "on_schema_object": [],
            "privileges": [
              "MONITOR",
              "USAGE"
            ],
            "role_name": "GA_R",
            "with_grant_option": false
          },
          "sensitive_attributes": [],
          "private": "bnVsbA==",
          "dependencies": [
            "snowflake_database.grocery_analytics",
            "snowflake_role.GA_R",
            "snowflake_schema.gold"
          ]
        }
      ]
    },
    {
      "mode": "managed",
      "type": "snowflake_grant_privileges_to_role",
      "name": "grocery_analytics_gold_rw",
      "provider": "provider[\"registry.terraform.io/snowflake-labs/snowflake\"].security_admin",
      "instances": [
        {
          "schema_version": 0,
          "attributes": {
            "all_privileges": true,
            "id": "GA_RW||true|false|false|false|true|false|false|false||||false|\"GROCERY_ANALYTICS\".\"GOLD\"|false|",
            "on_account": false,
            "on_account_object": [],
            "on_schema": [
              {
                "all_schemas_in_database": "",
                "future_schemas_in_database": "",
                "schema_name": "\"GROCERY_ANALYTICS\".\"GOLD\""
              }
            ],
            "on_schema_object": [],
            "privileges": null,
            "role_name": "GA_RW",
            "with_grant_option": false
          },
          "sensitive_attributes": [],
          "private": "bnVsbA==",
          "dependencies": [
            "snowflake_database.grocery_analytics",
            "snowflake_role.GA_RW",
            "snowflake_schema.gold"
          ]
        }
      ]
    },
    {
      "mode": "managed",
      "type": "snowflake_grant_privileges_to_role",
      "name": "grocery_analytics_raw_r",
      "provider": "provider[\"registry.terraform.io/snowflake-labs/snowflake\"].security_admin",
      "instances": [
        {
          "schema_version": 0,
          "attributes": {
            "all_privileges": false,
            "id": "GA_R|USAGE,MONITOR|false|false|false|false|true|false|false|false||||false|\"GROCERY_ANALYTICS\".\"RAW\"|false|",
            "on_account": false,
            "on_account_object": [],
            "on_schema": [
              {
                "all_schemas_in_database": "",
                "future_schemas_in_database": "",
                "schema_name": "\"GROCERY_ANALYTICS\".\"RAW\""
              }
            ],
            "on_schema_object": [],
            "privileges": [
              "MONITOR",
              "USAGE"
            ],
            "role_name": "GA_R",
            "with_grant_option": false
          },
          "sensitive_attributes": [],
          "private": "bnVsbA==",
          "dependencies": [
            "snowflake_database.grocery_analytics",
            "snowflake_role.GA_R",
            "snowflake_schema.raw"
          ]
        }
      ]
    },
    {
      "mode": "managed",
      "type": "snowflake_grant_privileges_to_role",
      "name": "grocery_analytics_raw_rw",
      "provider": "provider[\"registry.terraform.io/snowflake-labs/snowflake\"].security_admin",
      "instances": [
        {
          "schema_version": 0,
          "attributes": {
            "all_privileges": true,
            "id": "GA_RW||true|false|false|false|true|false|false|false||||false|\"GROCERY_ANALYTICS\".\"RAW\"|false|",
            "on_account": false,
            "on_account_object": [],
            "on_schema": [
              {
                "all_schemas_in_database": "",
                "future_schemas_in_database": "",
                "schema_name": "\"GROCERY_ANALYTICS\".\"RAW\""
              }
            ],
            "on_schema_object": [],
            "privileges": null,
            "role_name": "GA_RW",
            "with_grant_option": false
          },
          "sensitive_attributes": [],
          "private": "bnVsbA==",
          "dependencies": [
            "snowflake_database.grocery_analytics",
            "snowflake_role.GA_RW",
            "snowflake_schema.raw"
          ]
        }
      ]
    },
    {
      "mode": "managed",
      "type": "snowflake_grant_privileges_to_role",
      "name": "grocery_analytics_silver_r",
      "provider": "provider[\"registry.terraform.io/snowflake-labs/snowflake\"].security_admin",
      "instances": [
        {
          "schema_version": 0,
          "attributes": {
            "all_privileges": false,
            "id": "GA_R|USAGE,MONITOR|false|false|false|false|true|false|false|false||||false|\"GROCERY_ANALYTICS\".\"SILVER\"|false|",
            "on_account": false,
            "on_account_object": [],
            "on_schema": [
              {
                "all_schemas_in_database": "",
                "future_schemas_in_database": "",
                "schema_name": "\"GROCERY_ANALYTICS\".\"SILVER\""
              }
            ],
            "on_schema_object": [],
            "privileges": [
              "MONITOR",
              "USAGE"
            ],
            "role_name": "GA_R",
            "with_grant_option": false
          },
          "sensitive_attributes": [],
          "private": "bnVsbA==",
          "dependencies": [
            "snowflake_database.grocery_analytics",
            "snowflake_role.GA_R",
            "snowflake_schema.silver"
          ]
        }
      ]
    },
    {
      "mode": "managed",
      "type": "snowflake_grant_privileges_to_role",
      "name": "grocery_analytics_silver_rw",
      "provider": "provider[\"registry.terraform.io/snowflake-labs/snowflake\"].security_admin",
      "instances": [
        {
          "schema_version": 0,
          "attributes": {
            "all_privileges": true,
            "id": "GA_RW||true|false|false|false|true|false|false|false||||false|\"GROCERY_ANALYTICS\".\"SILVER\"|false|",
            "on_account": false,
            "on_account_object": [],
            "on_schema": [
              {
                "all_schemas_in_database": "",
                "future_schemas_in_database": "",
                "schema_name": "\"GROCERY_ANALYTICS\".\"SILVER\""
              }
            ],
            "on_schema_object": [],
            "privileges": null,
            "role_name": "GA_RW",
            "with_grant_option": false
          },
          "sensitive_attributes": [],
          "private": "bnVsbA==",
          "dependencies": [
            "snowflake_database.grocery_analytics",
            "snowflake_role.GA_RW",
            "snowflake_schema.silver"
          ]
        }
      ]
    },
    {
      "mode": "managed",
      "type": "snowflake_role",
      "name": "GA_R",
      "provider": "provider[\"registry.terraform.io/snowflake-labs/snowflake\"].security_admin",
      "instances": [
        {
          "schema_version": 0,
          "attributes": {
            "comment": "",
            "id": "GA_R",
            "name": "GA_R",
            "tag": []
          },
          "sensitive_attributes": [],
          "private": "bnVsbA=="
        }
      ]
    },
    {
      "mode": "managed",
      "type": "snowflake_role",
      "name": "GA_RW",
      "provider": "provider[\"registry.terraform.io/snowflake-labs/snowflake\"].security_admin",
      "instances": [
        {
          "schema_version": 0,
          "attributes": {
            "comment": "",
            "id": "GA_RW",
            "name": "GA_RW",
            "tag": []
          },
          "sensitive_attributes": [],
          "private": "bnVsbA=="
        }
      ]
    },
    {
      "mode": "managed",
      "type": "snowflake_role",
      "name": "Transformer",
      "provider": "provider[\"registry.terraform.io/snowflake-labs/snowflake\"].security_admin",
      "instances": [
        {
          "schema_version": 0,
          "attributes": {
            "comment": "",
            "id": "Transformer",
            "name": "TRANSFORMER",
            "tag": []
          },
          "sensitive_attributes": [],
          "private": "bnVsbA=="
        }
      ]
    },
    {
      "mode": "managed",
      "type": "snowflake_role_grants",
      "name": "GA_RW_to_Transformer",
      "provider": "provider[\"registry.terraform.io/snowflake-labs/snowflake\"].security_admin",
      "instances": [
        {
          "schema_version": 0,
          "attributes": {
            "enable_multiple_grants": false,
            "id": "GA_RW|TRANSFORMER|",
            "role_name": "GA_RW",
            "roles": [
              "TRANSFORMER"
            ],
            "users": []
          },
          "sensitive_attributes": [],
          "private": "bnVsbA==",
          "dependencies": [
            "snowflake_role.GA_RW",
            "snowflake_role.Transformer"
          ]
        }
      ]
    },
    {
      "mode": "managed",
      "type": "snowflake_role_grants",
      "name": "securityadmin_to_dbt",
      "provider": "provider[\"registry.terraform.io/snowflake-labs/snowflake\"].security_admin",
      "instances": [
        {
          "schema_version": 0,
          "attributes": {
            "enable_multiple_grants": false,
            "id": "SECURITYADMIN||dbt",
            "role_name": "SECURITYADMIN",
            "roles": null,
            "users": [
              "dbt"
            ]
          },
          "sensitive_attributes": [
            [
              {
                "type": "get_attr",
                "value": "users"
              }
            ]
          ],
          "private": "bnVsbA==",
          "dependencies": [
            "snowflake_user.dbt"
          ]
        }
      ]
    },
    {
      "mode": "managed",
      "type": "snowflake_role_grants",
      "name": "sysadmin_to_dbt",
      "provider": "provider[\"registry.terraform.io/snowflake-labs/snowflake\"].security_admin",
      "instances": [
        {
          "schema_version": 0,
          "attributes": {
            "enable_multiple_grants": false,
            "id": "SYSADMIN||dbt",
            "role_name": "SYSADMIN",
            "roles": null,
            "users": [
              "dbt"
            ]
          },
          "sensitive_attributes": [
            [
              {
                "type": "get_attr",
                "value": "users"
              }
            ]
          ],
          "private": "bnVsbA==",
          "dependencies": [
            "snowflake_user.dbt"
          ]
        }
      ]
    },
    {
      "mode": "managed",
      "type": "snowflake_schema",
      "name": "bronze",
      "provider": "provider[\"registry.terraform.io/snowflake-labs/snowflake\"]",
      "instances": [
        {
          "schema_version": 0,
          "attributes": {
            "comment": "",
            "data_retention_days": 1,
            "database": "GROCERY_ANALYTICS",
            "id": "GROCERY_ANALYTICS|BRONZE",
            "is_managed": false,
            "is_transient": false,
            "name": "BRONZE",
            "tag": []
          },
          "sensitive_attributes": [],
          "private": "bnVsbA==",
          "dependencies": [
            "snowflake_database.grocery_analytics"
          ]
        }
      ]
    },
    {
      "mode": "managed",
      "type": "snowflake_schema",
      "name": "gold",
      "provider": "provider[\"registry.terraform.io/snowflake-labs/snowflake\"]",
      "instances": [
        {
          "schema_version": 0,
          "attributes": {
            "comment": "",
            "data_retention_days": 1,
            "database": "GROCERY_ANALYTICS",
            "id": "GROCERY_ANALYTICS|GOLD",
            "is_managed": false,
            "is_transient": false,
            "name": "GOLD",
            "tag": []
          },
          "sensitive_attributes": [],
          "private": "bnVsbA==",
          "dependencies": [
            "snowflake_database.grocery_analytics"
          ]
        }
      ]
    },
    {
      "mode": "managed",
      "type": "snowflake_schema",
      "name": "raw",
      "provider": "provider[\"registry.terraform.io/snowflake-labs/snowflake\"]",
      "instances": [
        {
          "schema_version": 0,
          "attributes": {
            "comment": "",
            "data_retention_days": 1,
            "database": "GROCERY_ANALYTICS",
            "id": "GROCERY_ANALYTICS|RAW",
            "is_managed": false,
            "is_transient": false,
            "name": "RAW",
            "tag": []
          },
          "sensitive_attributes": [],
          "private": "bnVsbA==",
          "dependencies": [
            "snowflake_database.grocery_analytics"
          ]
        }
      ]
    },
    {
      "mode": "managed",
      "type": "snowflake_schema",
      "name": "silver",
      "provider": "provider[\"registry.terraform.io/snowflake-labs/snowflake\"]",
      "instances": [
        {
          "schema_version": 0,
          "attributes": {
            "comment": "",
            "data_retention_days": 1,
            "database": "GROCERY_ANALYTICS",
            "id": "GROCERY_ANALYTICS|SILVER",
            "is_managed": false,
            "is_transient": false,
            "name": "SILVER",
            "tag": []
          },
          "sensitive_attributes": [],
          "private": "bnVsbA==",
          "dependencies": [
            "snowflake_database.grocery_analytics"
          ]
        }
      ]
    },
    {
      "mode": "managed",
      "type": "snowflake_user",
      "name": "dbt",
      "provider": "provider[\"registry.terraform.io/snowflake-labs/snowflake\"].security_admin",
      "instances": [
        {
          "schema_version": 0,
          "attributes": {
            "comment": "service principle for dbt",
            "default_namespace": "",
            "default_role": "TRANSFORMER",
            "default_secondary_roles": [],
            "default_warehouse": "ENGINEERING_WH",
            "disabled": false,
            "display_name": "dbt",
            "email": "",
            "first_name": "",
            "has_rsa_public_key": false,
            "id": "dbt",
            "last_name": "",
            "login_name": "DBT",
            "must_change_password": null,
            "name": "dbt",
            "password": "GLDeTej7ciBROrU#4ej",
            "rsa_public_key": null,
            "rsa_public_key_2": null
          },
          "sensitive_attributes": [],
          "private": "bnVsbA==",
          "dependencies": [
            "snowflake_role.Transformer",
            "snowflake_warehouse.engineering_wh"
          ]
        }
      ]
    },
    {
      "mode": "managed",
      "type": "snowflake_warehouse",
      "name": "engineering_wh",
      "provider": "provider[\"registry.terraform.io/snowflake-labs/snowflake\"]",
      "instances": [
        {
          "schema_version": 0,
          "attributes": {
            "auto_resume": true,
            "auto_suspend": 1,
            "comment": "Warehouse to handle data engineering workload",
            "enable_query_acceleration": false,
            "id": "ENGINEERING_WH",
            "initially_suspended": null,
            "max_cluster_count": 1,
            "max_concurrency_level": 8,
            "min_cluster_count": 0,
            "name": "ENGINEERING_WH",
            "query_acceleration_max_scale_factor": 8,
            "resource_monitor": "null",
            "scaling_policy": "",
            "statement_queued_timeout_in_seconds": 0,
            "statement_timeout_in_seconds": 172800,
            "wait_for_provisioning": null,
            "warehouse_size": "XSMALL",
            "warehouse_type": "STANDARD"
          },
          "sensitive_attributes": [],
          "private": "bnVsbA=="
        }
      ]
    }
  ],
  "check_results": null
}
